# THIS IS AN AUTOGENERATED FILE. DO NOT EDIT THIS FILE DIRECTLY.
# yarn lockfile v1


"@types/css-font-loading-module@0.0.4":
  version "0.0.4"
  resolved "https://registry.nlark.com/@types/css-font-loading-module/download/@types/css-font-loading-module-0.0.4.tgz?cache=0&sync_timestamp=1629707719193&other_urls=https%3A%2F%2Fregistry.nlark.com%2F%40types%2Fcss-font-loading-module%2Fdownload%2F%40types%2Fcss-font-loading-module-0.0.4.tgz#94a835e27d1af444c65cba88523533c174463d64"
  integrity sha1-lKg14n0a9ETGXLqIUjUzwXRGPWQ=

"@xstate/fsm@^1.4.0":
  version "1.6.1"
  resolved "https://registry.nlark.com/@xstate/fsm/download/@xstate/fsm-1.6.1.tgz#c92972b835540c4e3c5e14277f40dbcbdaee9571"
  integrity sha1-ySlyuDVUDE48XhQnf0Dby9rulXE=

fflate@^0.4.4:
  version "0.4.8"
  resolved "https://registry.nlark.com/fflate/download/fflate-0.4.8.tgz#f90b82aefbd8ac174213abb338bd7ef848f0f5ae"
  integrity sha1-+QuCrvvYrBdCE6uzOL1++Ejw9a4=

mitt@^1.1.3:
  version "1.2.0"
  resolved "https://registry.nlark.com/mitt/download/mitt-1.2.0.tgz#cb24e6569c806e31bd4e3995787fe38a04fdf90d"
  integrity sha1-yyTmVpyAbjG9TjmVeH/jigT9+Q0=

nprogress@^0.2.0:
  version "0.2.0"
  resolved "https://registry.nlark.com/nprogress/download/nprogress-0.2.0.tgz#cb8f34c53213d895723fcbab907e9422adbcafb1"
  integrity sha1-y480xTIT2JVyP8urkH6UIq28r7E=

rrweb-snapshot@^1.1.8:
  version "1.1.8"
  resolved "https://registry.nlark.com/rrweb-snapshot/download/rrweb-snapshot-1.1.8.tgz#57c3a8003a6ebbe4a2e2f5be29e30a47a8b1eb03"
  integrity sha1-V8OoADpuu+Si4vW+KeMKR6ix6wM=

rrweb@^1.0.4:
  version "1.0.4"
  resolved "https://registry.nlark.com/rrweb/download/rrweb-1.0.4.tgz#a63931c4ed5c0dc50c1ee6d1b03abaf18cf529e2"
  integrity sha1-pjkxxO1cDcUMHubRsDq68Yz1KeI=
  dependencies:
    "@types/css-font-loading-module" "0.0.4"
    "@xstate/fsm" "^1.4.0"
    fflate "^0.4.4"
    mitt "^1.1.3"
    rrweb-snapshot "^1.1.8"

vuex@^3.6.2:
  version "3.6.2"
  resolved "https://registry.nlark.com/vuex/download/vuex-3.6.2.tgz?cache=0&sync_timestamp=1623945123156&other_urls=https%3A%2F%2Fregistry.nlark.com%2Fvuex%2Fdownload%2Fvuex-3.6.2.tgz#236bc086a870c3ae79946f107f16de59d5895e71"
  integrity sha1-I2vAhqhww655lG8QfxbeWdWJXnE=
